
Microsoft Visual Studio Solution File, Format Version 12.00
# Visual Studio 2013
VisualStudioVersion = 12.0.30723.0
MinimumVisualStudioVersion = 10.0.40219.1
Project("{FAE04EC0-301F-11D3-BF4B-00C04F79EFBC}") = "SkyApi", "SkyApi\SkyApi.csproj", "{9206D67F-B687-42C7-8711-A186566DE269}"
EndProject
Project("{2150E333-8FDC-42A3-9474-1A3956D46DE8}") = "PublishScripts", "PublishScripts", "{C078C92E-2D29-40B5-A623-193BE1371166}"
	ProjectSection(SolutionItems) = preProject
		PublishScripts\AzureWebsitePublishModule.psm1 = PublishScripts\AzureWebsitePublishModule.psm1
		PublishScripts\Publish-WebApplicationWebsite.ps1 = PublishScripts\Publish-WebApplicationWebsite.ps1
	EndProjectSection
EndProject
Project("{2150E333-8FDC-42A3-9474-1A3956D46DE8}") = "Configurations", "Configurations", "{DC28AFBE-77A3-4086-A561-ADD21906DB8B}"
	ProjectSection(SolutionItems) = preProject
		PublishScripts\Configurations\SkyApi-WAWS-dev.json = PublishScripts\Configurations\SkyApi-WAWS-dev.json
	EndProjectSection
EndProject
Project("{00D1A9C2-B5F0-4AF3-8072-F6C62B433612}") = "SQLDatabaseProj", "SQLDatabaseProj\SQLDatabaseProj\SQLDatabaseProj.sqlproj", "{8BBD7B1E-25D1-470F-BAD3-DCF01A57C80F}"
EndProject
Global
	GlobalSection(SolutionConfigurationPlatforms) = preSolution
		Debug|Any CPU = Debug|Any CPU
		Release|Any CPU = Release|Any CPU
	EndGlobalSection
	GlobalSection(ProjectConfigurationPlatforms) = postSolution
		{9206D67F-B687-42C7-8711-A186566DE269}.Debug|Any CPU.ActiveCfg = Debug|Any CPU
		{9206D67F-B687-42C7-8711-A186566DE269}.Debug|Any CPU.Build.0 = Debug|Any CPU
		{9206D67F-B687-42C7-8711-A186566DE269}.Release|Any CPU.ActiveCfg = Release|Any CPU
		{9206D67F-B687-42C7-8711-A186566DE269}.Release|Any CPU.Build.0 = Release|Any CPU
		{8BBD7B1E-25D1-470F-BAD3-DCF01A57C80F}.Debug|Any CPU.ActiveCfg = Debug|Any CPU
		{8BBD7B1E-25D1-470F-BAD3-DCF01A57C80F}.Debug|Any CPU.Build.0 = Debug|Any CPU
		{8BBD7B1E-25D1-470F-BAD3-DCF01A57C80F}.Debug|Any CPU.Deploy.0 = Debug|Any CPU
		{8BBD7B1E-25D1-470F-BAD3-DCF01A57C80F}.Release|Any CPU.ActiveCfg = Release|Any CPU
		{8BBD7B1E-25D1-470F-BAD3-DCF01A57C80F}.Release|Any CPU.Build.0 = Release|Any CPU
		{8BBD7B1E-25D1-470F-BAD3-DCF01A57C80F}.Release|Any CPU.Deploy.0 = Release|Any CPU
	EndGlobalSection
	GlobalSection(SolutionProperties) = preSolution
		HideSolutionNode = FALSE
	EndGlobalSection
	GlobalSection(NestedProjects) = preSolution
		{DC28AFBE-77A3-4086-A561-ADD21906DB8B} = {C078C92E-2D29-40B5-A623-193BE1371166}
	EndGlobalSection
EndGlobal
